
Microsoft Visual Studio Solution File, Format Version 12.00
# Visual Studio Version 17
VisualStudioVersion = 17.2.32630.192
MinimumVisualStudioVersion = 10.0.40219.1
Project("{FAE04EC0-301F-11D3-BF4B-00C04F79EFBC}") = "Adm_AutoGestion", "Adm_AutoGestion\Adm_AutoGestion.csproj", "{72B8E45A-24D7-4DED-8A35-D2AD9853049B}"
	ProjectSection(ProjectDependencies) = postProject
		{D96379C1-53E1-4E3F-BB18-D61E20585AEC} = {D96379C1-53E1-4E3F-BB18-D61E20585AEC}
	EndProjectSection
EndProject
Project("{9A19103F-16F7-4668-BE54-9A1E7A4F7556}") = "AutoGestion", "AutoGestion\AutoGestion.csproj", "{C9819DC8-582D-4A23-958D-57DD61EF6309}"
EndProject
Project("{9A19103F-16F7-4668-BE54-9A1E7A4F7556}") = "Autogestion.Shared", "Autogestion.Shared\Autogestion.Shared.csproj", "{D96379C1-53E1-4E3F-BB18-D61E20585AEC}"
EndProject
Project("{2150E333-8FDC-42A3-9474-1A3956D46DE8}") = "Procesos de Fondo", "Procesos de Fondo", "{DC0D3EF6-835F-47F8-9F2A-A686D92B07DB}"
EndProject
Project("{2150E333-8FDC-42A3-9474-1A3956D46DE8}") = "Bienestar", "Bienestar", "{E29E01F1-3BB9-4605-A273-58113EFEE1D3}"
EndProject
Project("{9A19103F-16F7-4668-BE54-9A1E7A4F7556}") = "EnvioCorreoEventos", "EnvioCorreoEventos\EnvioCorreoEventos.csproj", "{B675D79C-F4E8-4103-968C-C8FACC91EE69}"
EndProject
Project("{9A19103F-16F7-4668-BE54-9A1E7A4F7556}") = "ActualizacionDatosEmpleado", "ActualizacionDatosEmpleado\ActualizacionDatosEmpleado.csproj", "{AE2A81C9-E292-4FEA-A4E4-A272A4EA74B5}"
EndProject
Project("{2150E333-8FDC-42A3-9474-1A3956D46DE8}") = "Datos Empleados", "Datos Empleados", "{C0962475-6ED2-4BD4-9ACD-FDB453C60128}"
EndProject
Project("{2150E333-8FDC-42A3-9474-1A3956D46DE8}") = "EvaDesempeñoActualizacion", "EvaDesempeñoActualizacion", "{0D54DF85-BE65-4313-923D-A40AA4327F1C}"
EndProject
Project("{9A19103F-16F7-4668-BE54-9A1E7A4F7556}") = "EvaDesempeñoActualizacion", "EvaDesempeñoActualizacion\EvaDesempeñoActualizacion.csproj", "{A4F261C8-8C15-48B5-900D-BB80108267ED}"
EndProject
Project("{2150E333-8FDC-42A3-9474-1A3956D46DE8}") = "Dotacion", "Dotacion", "{16897F54-C736-4450-A0B7-B5F7DA03EA70}"
EndProject
Project("{9A19103F-16F7-4668-BE54-9A1E7A4F7556}") = "ComprobacionDotacion", "ComprobacionDotacion\ComprobacionDotacion.csproj", "{197920F4-3ECD-4402-8D7D-E22C9B7E7D26}"
EndProject
Project("{2150E333-8FDC-42A3-9474-1A3956D46DE8}") = "Viaticos", "Viaticos", "{ED839B56-C2D2-4A8C-9ED4-AA78DE302A7E}"
EndProject
Project("{9A19103F-16F7-4668-BE54-9A1E7A4F7556}") = "EncuestaViaje", "EncuestaViaje\EncuestaViaje.csproj", "{8BABE757-69E1-4BEB-8C23-4024A4DB134B}"
EndProject
Project("{2150E333-8FDC-42A3-9474-1A3956D46DE8}") = "Cumpleaños y Aniversarios", "Cumpleaños y Aniversarios", "{CDF346EE-2288-4C5D-A48C-1963AE90CEE3}"
EndProject
Project("{9A19103F-16F7-4668-BE54-9A1E7A4F7556}") = "CumpleañosAniversarios", "CumpleañosAniversarios\CumpleañosAniversarios.csproj", "{6F6A8E59-8AC1-42F5-87DF-F2C62D79C263}"
EndProject
Project("{9A19103F-16F7-4668-BE54-9A1E7A4F7556}") = "NOtificacionDiariaEvadesh", "NOtificacionDiariaEvadesh\NOtificacionDiariaEvadesh.csproj", "{AAD4B114-042D-42C1-B43A-CD259896BCF3}"
EndProject
Project("{2150E333-8FDC-42A3-9474-1A3956D46DE8}") = "NOtificacionDiariaEvadesh_", "NOtificacionDiariaEvadesh_", "{BFEE7228-D508-4C0D-B146-CAB48ACBCA68}"
EndProject
Project("{9A19103F-16F7-4668-BE54-9A1E7A4F7556}") = "GestionClick.Api", "GestionClick.Api\GestionClick.Api.csproj", "{8CE1C5F8-0459-491C-9499-31EDD33E7D2C}"
EndProject
Global
	GlobalSection(SolutionConfigurationPlatforms) = preSolution
		Debug|Any CPU = Debug|Any CPU
		Release|Any CPU = Release|Any CPU
	EndGlobalSection
	GlobalSection(ProjectConfigurationPlatforms) = postSolution
		{72B8E45A-24D7-4DED-8A35-D2AD9853049B}.Debug|Any CPU.ActiveCfg = Debug|Any CPU
		{72B8E45A-24D7-4DED-8A35-D2AD9853049B}.Debug|Any CPU.Build.0 = Debug|Any CPU
		{72B8E45A-24D7-4DED-8A35-D2AD9853049B}.Release|Any CPU.ActiveCfg = Release|Any CPU
		{72B8E45A-24D7-4DED-8A35-D2AD9853049B}.Release|Any CPU.Build.0 = Release|Any CPU
		{C9819DC8-582D-4A23-958D-57DD61EF6309}.Debug|Any CPU.ActiveCfg = Debug|Any CPU
		{C9819DC8-582D-4A23-958D-57DD61EF6309}.Debug|Any CPU.Build.0 = Debug|Any CPU
		{C9819DC8-582D-4A23-958D-57DD61EF6309}.Release|Any CPU.ActiveCfg = Release|Any CPU
		{C9819DC8-582D-4A23-958D-57DD61EF6309}.Release|Any CPU.Build.0 = Release|Any CPU
		{D96379C1-53E1-4E3F-BB18-D61E20585AEC}.Debug|Any CPU.ActiveCfg = Debug|Any CPU
		{D96379C1-53E1-4E3F-BB18-D61E20585AEC}.Debug|Any CPU.Build.0 = Debug|Any CPU
		{D96379C1-53E1-4E3F-BB18-D61E20585AEC}.Release|Any CPU.ActiveCfg = Release|Any CPU
		{D96379C1-53E1-4E3F-BB18-D61E20585AEC}.Release|Any CPU.Build.0 = Release|Any CPU
		{B675D79C-F4E8-4103-968C-C8FACC91EE69}.Debug|Any CPU.ActiveCfg = Debug|Any CPU
		{B675D79C-F4E8-4103-968C-C8FACC91EE69}.Debug|Any CPU.Build.0 = Debug|Any CPU
		{B675D79C-F4E8-4103-968C-C8FACC91EE69}.Release|Any CPU.ActiveCfg = Release|Any CPU
		{B675D79C-F4E8-4103-968C-C8FACC91EE69}.Release|Any CPU.Build.0 = Release|Any CPU
		{AE2A81C9-E292-4FEA-A4E4-A272A4EA74B5}.Debug|Any CPU.ActiveCfg = Debug|Any CPU
		{AE2A81C9-E292-4FEA-A4E4-A272A4EA74B5}.Debug|Any CPU.Build.0 = Debug|Any CPU
		{AE2A81C9-E292-4FEA-A4E4-A272A4EA74B5}.Release|Any CPU.ActiveCfg = Release|Any CPU
		{AE2A81C9-E292-4FEA-A4E4-A272A4EA74B5}.Release|Any CPU.Build.0 = Release|Any CPU
		{A4F261C8-8C15-48B5-900D-BB80108267ED}.Debug|Any CPU.ActiveCfg = Debug|Any CPU
		{A4F261C8-8C15-48B5-900D-BB80108267ED}.Debug|Any CPU.Build.0 = Debug|Any CPU
		{A4F261C8-8C15-48B5-900D-BB80108267ED}.Release|Any CPU.ActiveCfg = Release|Any CPU
		{A4F261C8-8C15-48B5-900D-BB80108267ED}.Release|Any CPU.Build.0 = Release|Any CPU
		{197920F4-3ECD-4402-8D7D-E22C9B7E7D26}.Debug|Any CPU.ActiveCfg = Debug|Any CPU
		{197920F4-3ECD-4402-8D7D-E22C9B7E7D26}.Debug|Any CPU.Build.0 = Debug|Any CPU
		{197920F4-3ECD-4402-8D7D-E22C9B7E7D26}.Release|Any CPU.ActiveCfg = Release|Any CPU
		{197920F4-3ECD-4402-8D7D-E22C9B7E7D26}.Release|Any CPU.Build.0 = Release|Any CPU
		{8BABE757-69E1-4BEB-8C23-4024A4DB134B}.Debug|Any CPU.ActiveCfg = Debug|Any CPU
		{8BABE757-69E1-4BEB-8C23-4024A4DB134B}.Debug|Any CPU.Build.0 = Debug|Any CPU
		{8BABE757-69E1-4BEB-8C23-4024A4DB134B}.Release|Any CPU.ActiveCfg = Release|Any CPU
		{8BABE757-69E1-4BEB-8C23-4024A4DB134B}.Release|Any CPU.Build.0 = Release|Any CPU
		{6F6A8E59-8AC1-42F5-87DF-F2C62D79C263}.Debug|Any CPU.ActiveCfg = Debug|Any CPU
		{6F6A8E59-8AC1-42F5-87DF-F2C62D79C263}.Debug|Any CPU.Build.0 = Debug|Any CPU
		{6F6A8E59-8AC1-42F5-87DF-F2C62D79C263}.Release|Any CPU.ActiveCfg = Release|Any CPU
		{6F6A8E59-8AC1-42F5-87DF-F2C62D79C263}.Release|Any CPU.Build.0 = Release|Any CPU
		{AAD4B114-042D-42C1-B43A-CD259896BCF3}.Debug|Any CPU.ActiveCfg = Debug|Any CPU
		{AAD4B114-042D-42C1-B43A-CD259896BCF3}.Debug|Any CPU.Build.0 = Debug|Any CPU
		{AAD4B114-042D-42C1-B43A-CD259896BCF3}.Release|Any CPU.ActiveCfg = Release|Any CPU
		{AAD4B114-042D-42C1-B43A-CD259896BCF3}.Release|Any CPU.Build.0 = Release|Any CPU
		{8CE1C5F8-0459-491C-9499-31EDD33E7D2C}.Debug|Any CPU.ActiveCfg = Debug|Any CPU
		{8CE1C5F8-0459-491C-9499-31EDD33E7D2C}.Debug|Any CPU.Build.0 = Debug|Any CPU
		{8CE1C5F8-0459-491C-9499-31EDD33E7D2C}.Release|Any CPU.ActiveCfg = Release|Any CPU
		{8CE1C5F8-0459-491C-9499-31EDD33E7D2C}.Release|Any CPU.Build.0 = Release|Any CPU
	EndGlobalSection
	GlobalSection(SolutionProperties) = preSolution
		HideSolutionNode = FALSE
	EndGlobalSection
	GlobalSection(NestedProjects) = preSolution
		{E29E01F1-3BB9-4605-A273-58113EFEE1D3} = {DC0D3EF6-835F-47F8-9F2A-A686D92B07DB}
		{B675D79C-F4E8-4103-968C-C8FACC91EE69} = {E29E01F1-3BB9-4605-A273-58113EFEE1D3}
		{AE2A81C9-E292-4FEA-A4E4-A272A4EA74B5} = {C0962475-6ED2-4BD4-9ACD-FDB453C60128}
		{C0962475-6ED2-4BD4-9ACD-FDB453C60128} = {DC0D3EF6-835F-47F8-9F2A-A686D92B07DB}
		{0D54DF85-BE65-4313-923D-A40AA4327F1C} = {DC0D3EF6-835F-47F8-9F2A-A686D92B07DB}
		{A4F261C8-8C15-48B5-900D-BB80108267ED} = {0D54DF85-BE65-4313-923D-A40AA4327F1C}
		{16897F54-C736-4450-A0B7-B5F7DA03EA70} = {DC0D3EF6-835F-47F8-9F2A-A686D92B07DB}
		{197920F4-3ECD-4402-8D7D-E22C9B7E7D26} = {16897F54-C736-4450-A0B7-B5F7DA03EA70}
		{ED839B56-C2D2-4A8C-9ED4-AA78DE302A7E} = {DC0D3EF6-835F-47F8-9F2A-A686D92B07DB}
		{8BABE757-69E1-4BEB-8C23-4024A4DB134B} = {ED839B56-C2D2-4A8C-9ED4-AA78DE302A7E}
		{CDF346EE-2288-4C5D-A48C-1963AE90CEE3} = {DC0D3EF6-835F-47F8-9F2A-A686D92B07DB}
		{6F6A8E59-8AC1-42F5-87DF-F2C62D79C263} = {CDF346EE-2288-4C5D-A48C-1963AE90CEE3}
		{AAD4B114-042D-42C1-B43A-CD259896BCF3} = {BFEE7228-D508-4C0D-B146-CAB48ACBCA68}
		{BFEE7228-D508-4C0D-B146-CAB48ACBCA68} = {DC0D3EF6-835F-47F8-9F2A-A686D92B07DB}
	EndGlobalSection
	GlobalSection(ExtensibilityGlobals) = postSolution
		SolutionGuid = {CA46062E-62A6-4075-8FB7-FF559423E3FE}
	EndGlobalSection
EndGlobal
